
Microsoft Visual Studio Solution File, Format Version 12.00
# Visual Studio Version 17
VisualStudioVersion = 17.14.36109.1 d17.14
MinimumVisualStudioVersion = 10.0.40219.1
Project("{FAE04EC0-301F-11D3-BF4B-00C04F79EFBC}") = "HireFlow_MVC", "HireFlow_MVC.csproj", "{3BFB6664-7C13-414A-A52E-31A5364271B3}"
EndProject
Global
	GlobalSection(SolutionConfigurationPlatforms) = preSolution
		Debug|Any CPU = Debug|Any CPU
		Release|Any CPU = Release|Any CPU
	EndGlobalSection
	GlobalSection(ProjectConfigurationPlatforms) = postSolution
		{3BFB6664-7C13-414A-A52E-31A5364271B3}.Debug|Any CPU.ActiveCfg = Debug|Any CPU
		{3BFB6664-7C13-414A-A52E-31A5364271B3}.Debug|Any CPU.Build.0 = Debug|Any CPU
		{3BFB6664-7C13-414A-A52E-31A5364271B3}.Release|Any CPU.ActiveCfg = Release|Any CPU
		{3BFB6664-7C13-414A-A52E-31A5364271B3}.Release|Any CPU.Build.0 = Release|Any CPU
	EndGlobalSection
	GlobalSection(SolutionProperties) = preSolution
		HideSolutionNode = FALSE
	EndGlobalSection
	GlobalSection(ExtensibilityGlobals) = postSolution
		SolutionGuid = {D2ADFAAA-67DD-457B-BED4-D2310A951419}
	EndGlobalSection
EndGlobal
